
Microsoft Visual Studio Solution File, Format Version 12.00
# Visual Studio Version 17
VisualStudioVersion = 17.0.31825.309
MinimumVisualStudioVersion = 15.0.26124.0
Project("{2150E333-8FDC-42A3-9474-1A3956D46DE8}") = "2.Microservices", "2.Microservices", "{7A130DBE-133A-4B86-9659-4CE5E7E29179}"
EndProject
Project("{2150E333-8FDC-42A3-9474-1A3956D46DE8}") = "Services", "Services", "{B1755A2C-7585-4880-9BF3-AFD18FB49D1E}"
EndProject
Project("{2150E333-8FDC-42A3-9474-1A3956D46DE8}") = "5.Test", "5.Test", "{436CCE23-9BA7-4D22-AE4F-7E55C1739C80}"
EndProject
Project("{9A19103F-16F7-4668-BE54-9A1E7A4F7556}") = "Tufan.Ticket.Domain", "Tufan.Ticket.Domain\Tufan.Ticket.Domain.csproj", "{53FD0673-7EBC-44BC-A635-A9D5359A4142}"
EndProject
Project("{9A19103F-16F7-4668-BE54-9A1E7A4F7556}") = "Tufan.Ticket.Application", "Tufan.Ticket.Application\Tufan.Ticket.Application.csproj", "{A64812A1-080C-4F78-A5A1-899DD8D15F2F}"
EndProject
Project("{9A19103F-16F7-4668-BE54-9A1E7A4F7556}") = "Tufan.Ticket.Infrastructure", "Tufan.Ticket.Infrastructure\Tufan.Ticket.Infrastructure.csproj", "{95FD835D-DAB7-4B10-806A-DC702243443A}"
EndProject
Project("{9A19103F-16F7-4668-BE54-9A1E7A4F7556}") = "Tufan.Ticket", "Tufan.Ticket\Tufan.Ticket.csproj", "{BD5A86E8-CDEA-4BA0-9FA4-69168FC692D0}"
EndProject
Project("{9A19103F-16F7-4668-BE54-9A1E7A4F7556}") = "Tufan.Test", "Tufan.Test\Tufan.Test.csproj", "{27963415-51FC-47DD-B4D7-08BE1513DED6}"
EndProject
Project("{2150E333-8FDC-42A3-9474-1A3956D46DE8}") = "0.Framework", "0.Framework", "{0533452B-7C76-48FB-AD3C-3E149F8FC7C4}"
EndProject
Project("{2150E333-8FDC-42A3-9474-1A3956D46DE8}") = "Ticket", "Ticket", "{3059C29A-2CD4-47E4-9A8D-DF21E4CDD007}"
EndProject
Project("{2150E333-8FDC-42A3-9474-1A3956D46DE8}") = "Business", "Business", "{4D22FD82-337A-496B-A002-B2A79C6C468D}"
EndProject
Project("{9A19103F-16F7-4668-BE54-9A1E7A4F7556}") = "Tufan.Common", "Tufan.Common\Tufan.Common.csproj", "{82B27F9A-EFE0-4AB3-BB4D-21D9982A2B6F}"
EndProject
Project("{2150E333-8FDC-42A3-9474-1A3956D46DE8}") = "Authority", "Authority", "{79F23531-5DCD-45FB-9569-120E2461D22A}"
EndProject
Project("{2150E333-8FDC-42A3-9474-1A3956D46DE8}") = "Services", "Services", "{53E653CF-16AD-4CDD-BE86-92A2799F5527}"
EndProject
Project("{2150E333-8FDC-42A3-9474-1A3956D46DE8}") = "Business", "Business", "{500459FD-E7DB-4968-911B-97934D1D2C29}"
EndProject
Project("{9A19103F-16F7-4668-BE54-9A1E7A4F7556}") = "Tufan.Authority.Domain", "Tufan.Authority.Domain\Tufan.Authority.Domain.csproj", "{250D535C-E1E4-48D4-BD58-55BDD86CDA51}"
EndProject
Project("{9A19103F-16F7-4668-BE54-9A1E7A4F7556}") = "Tufan.Authority.Infrastructure", "Tufan.Authority.Infrastructure\Tufan.Authority.Infrastructure.csproj", "{368705E1-E3AD-4A11-9E06-43BD6558A91B}"
EndProject
Project("{9A19103F-16F7-4668-BE54-9A1E7A4F7556}") = "Tufan.Authority.Application", "Tufan.Authority.Application\Tufan.Authority.Application.csproj", "{D3D57526-1514-48FE-804A-C4ED3DD877DA}"
EndProject
Project("{9A19103F-16F7-4668-BE54-9A1E7A4F7556}") = "Tufan.Authority", "Tufan.Authority\Tufan.Authority.csproj", "{C58FB0F0-96D6-401E-93E9-35E2213CA5FE}"
EndProject
Project("{2150E333-8FDC-42A3-9474-1A3956D46DE8}") = "1.ExternalServices", "1.ExternalServices", "{18D4E2C4-417F-4517-B6A1-EF0CC93AAD95}"
EndProject
Project("{2150E333-8FDC-42A3-9474-1A3956D46DE8}") = "4.UI", "4.UI", "{894E845B-201E-4D8F-BAE0-DB66047129F9}"
EndProject
Project("{9A19103F-16F7-4668-BE54-9A1E7A4F7556}") = "Tufan.ExternalServices.ObiletApi", "Tufan.ExternalServices.ObiletApi\Tufan.ExternalServices.ObiletApi.csproj", "{992956CD-27F5-4D1F-9AF3-09175E04CEF9}"
EndProject
Project("{2150E333-8FDC-42A3-9474-1A3956D46DE8}") = "3.Client", "3.Client", "{43D020C5-D5EF-4D28-8E79-12AFFC3D68AF}"
EndProject
Project("{FAE04EC0-301F-11D3-BF4B-00C04F79EFBC}") = "Tufan.Web.UI", "Tufan.Web.UI\Tufan.Web.UI.csproj", "{0179F8DD-FEF7-4322-B342-E296D433086C}"
EndProject
Global
	GlobalSection(SolutionConfigurationPlatforms) = preSolution
		Debug|Any CPU = Debug|Any CPU
		Debug|x64 = Debug|x64
		Debug|x86 = Debug|x86
		Release|Any CPU = Release|Any CPU
		Release|x64 = Release|x64
		Release|x86 = Release|x86
	EndGlobalSection
	GlobalSection(ProjectConfigurationPlatforms) = postSolution
		{53FD0673-7EBC-44BC-A635-A9D5359A4142}.Debug|Any CPU.ActiveCfg = Debug|Any CPU
		{53FD0673-7EBC-44BC-A635-A9D5359A4142}.Debug|Any CPU.Build.0 = Debug|Any CPU
		{53FD0673-7EBC-44BC-A635-A9D5359A4142}.Debug|x64.ActiveCfg = Debug|Any CPU
		{53FD0673-7EBC-44BC-A635-A9D5359A4142}.Debug|x64.Build.0 = Debug|Any CPU
		{53FD0673-7EBC-44BC-A635-A9D5359A4142}.Debug|x86.ActiveCfg = Debug|Any CPU
		{53FD0673-7EBC-44BC-A635-A9D5359A4142}.Debug|x86.Build.0 = Debug|Any CPU
		{53FD0673-7EBC-44BC-A635-A9D5359A4142}.Release|Any CPU.ActiveCfg = Release|Any CPU
		{53FD0673-7EBC-44BC-A635-A9D5359A4142}.Release|Any CPU.Build.0 = Release|Any CPU
		{53FD0673-7EBC-44BC-A635-A9D5359A4142}.Release|x64.ActiveCfg = Release|Any CPU
		{53FD0673-7EBC-44BC-A635-A9D5359A4142}.Release|x64.Build.0 = Release|Any CPU
		{53FD0673-7EBC-44BC-A635-A9D5359A4142}.Release|x86.ActiveCfg = Release|Any CPU
		{53FD0673-7EBC-44BC-A635-A9D5359A4142}.Release|x86.Build.0 = Release|Any CPU
		{A64812A1-080C-4F78-A5A1-899DD8D15F2F}.Debug|Any CPU.ActiveCfg = Debug|Any CPU
		{A64812A1-080C-4F78-A5A1-899DD8D15F2F}.Debug|Any CPU.Build.0 = Debug|Any CPU
		{A64812A1-080C-4F78-A5A1-899DD8D15F2F}.Debug|x64.ActiveCfg = Debug|Any CPU
		{A64812A1-080C-4F78-A5A1-899DD8D15F2F}.Debug|x64.Build.0 = Debug|Any CPU
		{A64812A1-080C-4F78-A5A1-899DD8D15F2F}.Debug|x86.ActiveCfg = Debug|Any CPU
		{A64812A1-080C-4F78-A5A1-899DD8D15F2F}.Debug|x86.Build.0 = Debug|Any CPU
		{A64812A1-080C-4F78-A5A1-899DD8D15F2F}.Release|Any CPU.ActiveCfg = Release|Any CPU
		{A64812A1-080C-4F78-A5A1-899DD8D15F2F}.Release|Any CPU.Build.0 = Release|Any CPU
		{A64812A1-080C-4F78-A5A1-899DD8D15F2F}.Release|x64.ActiveCfg = Release|Any CPU
		{A64812A1-080C-4F78-A5A1-899DD8D15F2F}.Release|x64.Build.0 = Release|Any CPU
		{A64812A1-080C-4F78-A5A1-899DD8D15F2F}.Release|x86.ActiveCfg = Release|Any CPU
		{A64812A1-080C-4F78-A5A1-899DD8D15F2F}.Release|x86.Build.0 = Release|Any CPU
		{95FD835D-DAB7-4B10-806A-DC702243443A}.Debug|Any CPU.ActiveCfg = Debug|Any CPU
		{95FD835D-DAB7-4B10-806A-DC702243443A}.Debug|Any CPU.Build.0 = Debug|Any CPU
		{95FD835D-DAB7-4B10-806A-DC702243443A}.Debug|x64.ActiveCfg = Debug|Any CPU
		{95FD835D-DAB7-4B10-806A-DC702243443A}.Debug|x64.Build.0 = Debug|Any CPU
		{95FD835D-DAB7-4B10-806A-DC702243443A}.Debug|x86.ActiveCfg = Debug|Any CPU
		{95FD835D-DAB7-4B10-806A-DC702243443A}.Debug|x86.Build.0 = Debug|Any CPU
		{95FD835D-DAB7-4B10-806A-DC702243443A}.Release|Any CPU.ActiveCfg = Release|Any CPU
		{95FD835D-DAB7-4B10-806A-DC702243443A}.Release|Any CPU.Build.0 = Release|Any CPU
		{95FD835D-DAB7-4B10-806A-DC702243443A}.Release|x64.ActiveCfg = Release|Any CPU
		{95FD835D-DAB7-4B10-806A-DC702243443A}.Release|x64.Build.0 = Release|Any CPU
		{95FD835D-DAB7-4B10-806A-DC702243443A}.Release|x86.ActiveCfg = Release|Any CPU
		{95FD835D-DAB7-4B10-806A-DC702243443A}.Release|x86.Build.0 = Release|Any CPU
		{BD5A86E8-CDEA-4BA0-9FA4-69168FC692D0}.Debug|Any CPU.ActiveCfg = Debug|Any CPU
		{BD5A86E8-CDEA-4BA0-9FA4-69168FC692D0}.Debug|Any CPU.Build.0 = Debug|Any CPU
		{BD5A86E8-CDEA-4BA0-9FA4-69168FC692D0}.Debug|x64.ActiveCfg = Debug|Any CPU
		{BD5A86E8-CDEA-4BA0-9FA4-69168FC692D0}.Debug|x64.Build.0 = Debug|Any CPU
		{BD5A86E8-CDEA-4BA0-9FA4-69168FC692D0}.Debug|x86.ActiveCfg = Debug|Any CPU
		{BD5A86E8-CDEA-4BA0-9FA4-69168FC692D0}.Debug|x86.Build.0 = Debug|Any CPU
		{BD5A86E8-CDEA-4BA0-9FA4-69168FC692D0}.Release|Any CPU.ActiveCfg = Release|Any CPU
		{BD5A86E8-CDEA-4BA0-9FA4-69168FC692D0}.Release|Any CPU.Build.0 = Release|Any CPU
		{BD5A86E8-CDEA-4BA0-9FA4-69168FC692D0}.Release|x64.ActiveCfg = Release|Any CPU
		{BD5A86E8-CDEA-4BA0-9FA4-69168FC692D0}.Release|x64.Build.0 = Release|Any CPU
		{BD5A86E8-CDEA-4BA0-9FA4-69168FC692D0}.Release|x86.ActiveCfg = Release|Any CPU
		{BD5A86E8-CDEA-4BA0-9FA4-69168FC692D0}.Release|x86.Build.0 = Release|Any CPU
		{27963415-51FC-47DD-B4D7-08BE1513DED6}.Debug|Any CPU.ActiveCfg = Debug|Any CPU
		{27963415-51FC-47DD-B4D7-08BE1513DED6}.Debug|Any CPU.Build.0 = Debug|Any CPU
		{27963415-51FC-47DD-B4D7-08BE1513DED6}.Debug|x64.ActiveCfg = Debug|Any CPU
		{27963415-51FC-47DD-B4D7-08BE1513DED6}.Debug|x64.Build.0 = Debug|Any CPU
		{27963415-51FC-47DD-B4D7-08BE1513DED6}.Debug|x86.ActiveCfg = Debug|Any CPU
		{27963415-51FC-47DD-B4D7-08BE1513DED6}.Debug|x86.Build.0 = Debug|Any CPU
		{27963415-51FC-47DD-B4D7-08BE1513DED6}.Release|Any CPU.ActiveCfg = Release|Any CPU
		{27963415-51FC-47DD-B4D7-08BE1513DED6}.Release|Any CPU.Build.0 = Release|Any CPU
		{27963415-51FC-47DD-B4D7-08BE1513DED6}.Release|x64.ActiveCfg = Release|Any CPU
		{27963415-51FC-47DD-B4D7-08BE1513DED6}.Release|x64.Build.0 = Release|Any CPU
		{27963415-51FC-47DD-B4D7-08BE1513DED6}.Release|x86.ActiveCfg = Release|Any CPU
		{27963415-51FC-47DD-B4D7-08BE1513DED6}.Release|x86.Build.0 = Release|Any CPU
		{82B27F9A-EFE0-4AB3-BB4D-21D9982A2B6F}.Debug|Any CPU.ActiveCfg = Debug|Any CPU
		{82B27F9A-EFE0-4AB3-BB4D-21D9982A2B6F}.Debug|Any CPU.Build.0 = Debug|Any CPU
		{82B27F9A-EFE0-4AB3-BB4D-21D9982A2B6F}.Debug|x64.ActiveCfg = Debug|Any CPU
		{82B27F9A-EFE0-4AB3-BB4D-21D9982A2B6F}.Debug|x64.Build.0 = Debug|Any CPU
		{82B27F9A-EFE0-4AB3-BB4D-21D9982A2B6F}.Debug|x86.ActiveCfg = Debug|Any CPU
		{82B27F9A-EFE0-4AB3-BB4D-21D9982A2B6F}.Debug|x86.Build.0 = Debug|Any CPU
		{82B27F9A-EFE0-4AB3-BB4D-21D9982A2B6F}.Release|Any CPU.ActiveCfg = Release|Any CPU
		{82B27F9A-EFE0-4AB3-BB4D-21D9982A2B6F}.Release|Any CPU.Build.0 = Release|Any CPU
		{82B27F9A-EFE0-4AB3-BB4D-21D9982A2B6F}.Release|x64.ActiveCfg = Release|Any CPU
		{82B27F9A-EFE0-4AB3-BB4D-21D9982A2B6F}.Release|x64.Build.0 = Release|Any CPU
		{82B27F9A-EFE0-4AB3-BB4D-21D9982A2B6F}.Release|x86.ActiveCfg = Release|Any CPU
		{82B27F9A-EFE0-4AB3-BB4D-21D9982A2B6F}.Release|x86.Build.0 = Release|Any CPU
		{250D535C-E1E4-48D4-BD58-55BDD86CDA51}.Debug|Any CPU.ActiveCfg = Debug|Any CPU
		{250D535C-E1E4-48D4-BD58-55BDD86CDA51}.Debug|Any CPU.Build.0 = Debug|Any CPU
		{250D535C-E1E4-48D4-BD58-55BDD86CDA51}.Debug|x64.ActiveCfg = Debug|Any CPU
		{250D535C-E1E4-48D4-BD58-55BDD86CDA51}.Debug|x64.Build.0 = Debug|Any CPU
		{250D535C-E1E4-48D4-BD58-55BDD86CDA51}.Debug|x86.ActiveCfg = Debug|Any CPU
		{250D535C-E1E4-48D4-BD58-55BDD86CDA51}.Debug|x86.Build.0 = Debug|Any CPU
		{250D535C-E1E4-48D4-BD58-55BDD86CDA51}.Release|Any CPU.ActiveCfg = Release|Any CPU
		{250D535C-E1E4-48D4-BD58-55BDD86CDA51}.Release|Any CPU.Build.0 = Release|Any CPU
		{250D535C-E1E4-48D4-BD58-55BDD86CDA51}.Release|x64.ActiveCfg = Release|Any CPU
		{250D535C-E1E4-48D4-BD58-55BDD86CDA51}.Release|x64.Build.0 = Release|Any CPU
		{250D535C-E1E4-48D4-BD58-55BDD86CDA51}.Release|x86.ActiveCfg = Release|Any CPU
		{250D535C-E1E4-48D4-BD58-55BDD86CDA51}.Release|x86.Build.0 = Release|Any CPU
		{368705E1-E3AD-4A11-9E06-43BD6558A91B}.Debug|Any CPU.ActiveCfg = Debug|Any CPU
		{368705E1-E3AD-4A11-9E06-43BD6558A91B}.Debug|Any CPU.Build.0 = Debug|Any CPU
		{368705E1-E3AD-4A11-9E06-43BD6558A91B}.Debug|x64.ActiveCfg = Debug|Any CPU
		{368705E1-E3AD-4A11-9E06-43BD6558A91B}.Debug|x64.Build.0 = Debug|Any CPU
		{368705E1-E3AD-4A11-9E06-43BD6558A91B}.Debug|x86.ActiveCfg = Debug|Any CPU
		{368705E1-E3AD-4A11-9E06-43BD6558A91B}.Debug|x86.Build.0 = Debug|Any CPU
		{368705E1-E3AD-4A11-9E06-43BD6558A91B}.Release|Any CPU.ActiveCfg = Release|Any CPU
		{368705E1-E3AD-4A11-9E06-43BD6558A91B}.Release|Any CPU.Build.0 = Release|Any CPU
		{368705E1-E3AD-4A11-9E06-43BD6558A91B}.Release|x64.ActiveCfg = Release|Any CPU
		{368705E1-E3AD-4A11-9E06-43BD6558A91B}.Release|x64.Build.0 = Release|Any CPU
		{368705E1-E3AD-4A11-9E06-43BD6558A91B}.Release|x86.ActiveCfg = Release|Any CPU
		{368705E1-E3AD-4A11-9E06-43BD6558A91B}.Release|x86.Build.0 = Release|Any CPU
		{D3D57526-1514-48FE-804A-C4ED3DD877DA}.Debug|Any CPU.ActiveCfg = Debug|Any CPU
		{D3D57526-1514-48FE-804A-C4ED3DD877DA}.Debug|Any CPU.Build.0 = Debug|Any CPU
		{D3D57526-1514-48FE-804A-C4ED3DD877DA}.Debug|x64.ActiveCfg = Debug|Any CPU
		{D3D57526-1514-48FE-804A-C4ED3DD877DA}.Debug|x64.Build.0 = Debug|Any CPU
		{D3D57526-1514-48FE-804A-C4ED3DD877DA}.Debug|x86.ActiveCfg = Debug|Any CPU
		{D3D57526-1514-48FE-804A-C4ED3DD877DA}.Debug|x86.Build.0 = Debug|Any CPU
		{D3D57526-1514-48FE-804A-C4ED3DD877DA}.Release|Any CPU.ActiveCfg = Release|Any CPU
		{D3D57526-1514-48FE-804A-C4ED3DD877DA}.Release|Any CPU.Build.0 = Release|Any CPU
		{D3D57526-1514-48FE-804A-C4ED3DD877DA}.Release|x64.ActiveCfg = Release|Any CPU
		{D3D57526-1514-48FE-804A-C4ED3DD877DA}.Release|x64.Build.0 = Release|Any CPU
		{D3D57526-1514-48FE-804A-C4ED3DD877DA}.Release|x86.ActiveCfg = Release|Any CPU
		{D3D57526-1514-48FE-804A-C4ED3DD877DA}.Release|x86.Build.0 = Release|Any CPU
		{C58FB0F0-96D6-401E-93E9-35E2213CA5FE}.Debug|Any CPU.ActiveCfg = Debug|Any CPU
		{C58FB0F0-96D6-401E-93E9-35E2213CA5FE}.Debug|Any CPU.Build.0 = Debug|Any CPU
		{C58FB0F0-96D6-401E-93E9-35E2213CA5FE}.Debug|x64.ActiveCfg = Debug|Any CPU
		{C58FB0F0-96D6-401E-93E9-35E2213CA5FE}.Debug|x64.Build.0 = Debug|Any CPU
		{C58FB0F0-96D6-401E-93E9-35E2213CA5FE}.Debug|x86.ActiveCfg = Debug|Any CPU
		{C58FB0F0-96D6-401E-93E9-35E2213CA5FE}.Debug|x86.Build.0 = Debug|Any CPU
		{C58FB0F0-96D6-401E-93E9-35E2213CA5FE}.Release|Any CPU.ActiveCfg = Release|Any CPU
		{C58FB0F0-96D6-401E-93E9-35E2213CA5FE}.Release|Any CPU.Build.0 = Release|Any CPU
		{C58FB0F0-96D6-401E-93E9-35E2213CA5FE}.Release|x64.ActiveCfg = Release|Any CPU
		{C58FB0F0-96D6-401E-93E9-35E2213CA5FE}.Release|x64.Build.0 = Release|Any CPU
		{C58FB0F0-96D6-401E-93E9-35E2213CA5FE}.Release|x86.ActiveCfg = Release|Any CPU
		{C58FB0F0-96D6-401E-93E9-35E2213CA5FE}.Release|x86.Build.0 = Release|Any CPU
		{992956CD-27F5-4D1F-9AF3-09175E04CEF9}.Debug|Any CPU.ActiveCfg = Debug|Any CPU
		{992956CD-27F5-4D1F-9AF3-09175E04CEF9}.Debug|Any CPU.Build.0 = Debug|Any CPU
		{992956CD-27F5-4D1F-9AF3-09175E04CEF9}.Debug|x64.ActiveCfg = Debug|Any CPU
		{992956CD-27F5-4D1F-9AF3-09175E04CEF9}.Debug|x64.Build.0 = Debug|Any CPU
		{992956CD-27F5-4D1F-9AF3-09175E04CEF9}.Debug|x86.ActiveCfg = Debug|Any CPU
		{992956CD-27F5-4D1F-9AF3-09175E04CEF9}.Debug|x86.Build.0 = Debug|Any CPU
		{992956CD-27F5-4D1F-9AF3-09175E04CEF9}.Release|Any CPU.ActiveCfg = Release|Any CPU
		{992956CD-27F5-4D1F-9AF3-09175E04CEF9}.Release|Any CPU.Build.0 = Release|Any CPU
		{992956CD-27F5-4D1F-9AF3-09175E04CEF9}.Release|x64.ActiveCfg = Release|Any CPU
		{992956CD-27F5-4D1F-9AF3-09175E04CEF9}.Release|x64.Build.0 = Release|Any CPU
		{992956CD-27F5-4D1F-9AF3-09175E04CEF9}.Release|x86.ActiveCfg = Release|Any CPU
		{992956CD-27F5-4D1F-9AF3-09175E04CEF9}.Release|x86.Build.0 = Release|Any CPU
		{0179F8DD-FEF7-4322-B342-E296D433086C}.Debug|Any CPU.ActiveCfg = Debug|Any CPU
		{0179F8DD-FEF7-4322-B342-E296D433086C}.Debug|Any CPU.Build.0 = Debug|Any CPU
		{0179F8DD-FEF7-4322-B342-E296D433086C}.Debug|x64.ActiveCfg = Debug|Any CPU
		{0179F8DD-FEF7-4322-B342-E296D433086C}.Debug|x64.Build.0 = Debug|Any CPU
		{0179F8DD-FEF7-4322-B342-E296D433086C}.Debug|x86.ActiveCfg = Debug|Any CPU
		{0179F8DD-FEF7-4322-B342-E296D433086C}.Debug|x86.Build.0 = Debug|Any CPU
		{0179F8DD-FEF7-4322-B342-E296D433086C}.Release|Any CPU.ActiveCfg = Release|Any CPU
		{0179F8DD-FEF7-4322-B342-E296D433086C}.Release|Any CPU.Build.0 = Release|Any CPU
		{0179F8DD-FEF7-4322-B342-E296D433086C}.Release|x64.ActiveCfg = Release|Any CPU
		{0179F8DD-FEF7-4322-B342-E296D433086C}.Release|x64.Build.0 = Release|Any CPU
		{0179F8DD-FEF7-4322-B342-E296D433086C}.Release|x86.ActiveCfg = Release|Any CPU
		{0179F8DD-FEF7-4322-B342-E296D433086C}.Release|x86.Build.0 = Release|Any CPU
	EndGlobalSection
	GlobalSection(SolutionProperties) = preSolution
		HideSolutionNode = FALSE
	EndGlobalSection
	GlobalSection(NestedProjects) = preSolution
		{B1755A2C-7585-4880-9BF3-AFD18FB49D1E} = {3059C29A-2CD4-47E4-9A8D-DF21E4CDD007}
		{53FD0673-7EBC-44BC-A635-A9D5359A4142} = {4D22FD82-337A-496B-A002-B2A79C6C468D}
		{A64812A1-080C-4F78-A5A1-899DD8D15F2F} = {4D22FD82-337A-496B-A002-B2A79C6C468D}
		{95FD835D-DAB7-4B10-806A-DC702243443A} = {4D22FD82-337A-496B-A002-B2A79C6C468D}
		{BD5A86E8-CDEA-4BA0-9FA4-69168FC692D0} = {B1755A2C-7585-4880-9BF3-AFD18FB49D1E}
		{27963415-51FC-47DD-B4D7-08BE1513DED6} = {436CCE23-9BA7-4D22-AE4F-7E55C1739C80}
		{3059C29A-2CD4-47E4-9A8D-DF21E4CDD007} = {7A130DBE-133A-4B86-9659-4CE5E7E29179}
		{4D22FD82-337A-496B-A002-B2A79C6C468D} = {3059C29A-2CD4-47E4-9A8D-DF21E4CDD007}
		{82B27F9A-EFE0-4AB3-BB4D-21D9982A2B6F} = {0533452B-7C76-48FB-AD3C-3E149F8FC7C4}
		{79F23531-5DCD-45FB-9569-120E2461D22A} = {7A130DBE-133A-4B86-9659-4CE5E7E29179}
		{53E653CF-16AD-4CDD-BE86-92A2799F5527} = {79F23531-5DCD-45FB-9569-120E2461D22A}
		{500459FD-E7DB-4968-911B-97934D1D2C29} = {79F23531-5DCD-45FB-9569-120E2461D22A}
		{250D535C-E1E4-48D4-BD58-55BDD86CDA51} = {500459FD-E7DB-4968-911B-97934D1D2C29}
		{368705E1-E3AD-4A11-9E06-43BD6558A91B} = {500459FD-E7DB-4968-911B-97934D1D2C29}
		{D3D57526-1514-48FE-804A-C4ED3DD877DA} = {500459FD-E7DB-4968-911B-97934D1D2C29}
		{C58FB0F0-96D6-401E-93E9-35E2213CA5FE} = {53E653CF-16AD-4CDD-BE86-92A2799F5527}
		{992956CD-27F5-4D1F-9AF3-09175E04CEF9} = {18D4E2C4-417F-4517-B6A1-EF0CC93AAD95}
		{0179F8DD-FEF7-4322-B342-E296D433086C} = {894E845B-201E-4D8F-BAE0-DB66047129F9}
	EndGlobalSection
	GlobalSection(ExtensibilityGlobals) = postSolution
		SolutionGuid = {84835EAA-628D-4471-96D4-8BD692F1A181}
	EndGlobalSection
EndGlobal
